
Microsoft Visual Studio Solution File, Format Version 12.00
# Visual Studio Version 16
VisualStudioVersion = 16.0.32428.217 
MinimumVisualStudioVersion = 10.0.40219.1
Project("{9A19103F-16F7-4668-BE54-9A1E7A4F7556}") = "OidcAuthServer", "OidcAuthServer\OidcAuthServer.csproj", "{F041F8F2-0EB1-44ED-920E-D8A624448817}"
EndProject
Global
	GlobalSection(SolutionConfigurationPlatforms) = preSolution
		Debug|Any CPU = Debug|Any CPU
		Release|Any CPU = Release|Any CPU
	EndGlobalSection
	GlobalSection(ProjectConfigurationPlatforms) = postSolution
		{F041F8F2-0EB1-44ED-920E-D8A624448817}.Debug|Any CPU.ActiveCfg = Debug|Any CPU
		{F041F8F2-0EB1-44ED-920E-D8A624448817}.Debug|Any CPU.Build.0 = Debug|Any CPU
		{F041F8F2-0EB1-44ED-920E-D8A624448817}.Release|Any CPU.ActiveCfg = Release|Any CPU
		{F041F8F2-0EB1-44ED-920E-D8A624448817}.Release|Any CPU.Build.0 = Release|Any CPU
	EndGlobalSection
	GlobalSection(SolutionProperties) = preSolution
		HideSolutionNode = FALSE
	EndGlobalSection
	GlobalSection(ExtensibilityGlobals) = postSolution
		SolutionGuid = {1497990F-2D0B-4EAC-9077-47B75C1F8396}
	EndGlobalSection
EndGlobal
